<Solution>
  <Project Path="Factorbase.Tests/Factorbase.Tests.csproj" />
  <Project Path="Factorbase/Factorbase.csproj" />
  <Project Path="CompositeGenerator.Tests/CompositeGenerator.Tests.csproj" />
  <Project Path="CompositeGenerator/CompositeGenerator.csproj" />
  <Project Path="Filtering.Tests/Filtering.Tests.csproj" />
  <Project Path="Filtering/Filtering.csproj" />
  <Project Path="LinearAlgebra.Tests/LinearAlgebra.Tests.csproj" />
  <Project Path="LinearAlgebra/LinearAlgebra.csproj" />
  <Project Path="QS-FB/QS-FB.csproj" />
  <Project Path="QS-Filter/QS-Filter.csproj" />
  <Project Path="QS-LinAlg/QS-LinAlg.csproj" />
  <Project Path="QS.Sieve/QS.Sieve.csproj" />
  <Project Path="QS.Sqrt/QS.Sqrt.csproj" />
  <Project Path="QS/QS.csproj" />
  <Project Path="QS.SieveClient/QS.SieveClient.csproj" />
  <Project Path="Sieving.Tests/Sieving.Tests.csproj" />
  <Project Path="Sieving/Sieving.csproj" />
  <Project Path="SIQS.Contracts.Tests/SIQS.Contracts.Tests.csproj" />
  <Project Path="SIQS.Contracts/SIQS.Contracts.csproj" />
  <Project Path="SIQS.Pipeline.Tests/SIQS.Pipeline.Tests.csproj" />
  <Project Path="SIQS.Pipeline/SIQS.Pipeline.csproj" />
  <Project Path="SIQS.Overlord/SIQS.Overlord.csproj" />
  <Project Path="SIQS.Overlord.Tests/SIQS.Overlord.Tests.csproj" />
  <Project Path="SIQS.PerformanceSpy/SIQS.PerformanceSpy.csproj" />
  <Project Path="SIQS.Benchmarks/SIQS.Benchmarks.csproj" />
  <Project Path="SIQS.UI.Tests/SIQS.UI.Tests.csproj" />
  <Project Path="SIQS.UI/SIQS.UI.csproj" />
  <Project Path="SquareRoot.Tests/SquareRoot.Tests.csproj" />
  <Project Path="SquareRoot/SquareRoot.csproj" />
</Solution>
